
Microsoft Visual Studio Solution File, Format Version 12.00
# Visual Studio Version 17
VisualStudioVersion = 17.11.35208.52
MinimumVisualStudioVersion = 10.0.40219.1
Project("{FAE04EC0-301F-11D3-BF4B-00C04F79EFBC}") = "HW07 - Multithread", "HW07 - Multithread.csproj", "{A825E316-6512-4CAE-B8AC-0192778D4060}"
EndProject
Global
	GlobalSection(SolutionConfigurationPlatforms) = preSolution
		Debug|Any CPU = Debug|Any CPU
		Release|Any CPU = Release|Any CPU
	EndGlobalSection
	GlobalSection(ProjectConfigurationPlatforms) = postSolution
		{A825E316-6512-4CAE-B8AC-0192778D4060}.Debug|Any CPU.ActiveCfg = Debug|Any CPU
		{A825E316-6512-4CAE-B8AC-0192778D4060}.Debug|Any CPU.Build.0 = Debug|Any CPU
		{A825E316-6512-4CAE-B8AC-0192778D4060}.Release|Any CPU.ActiveCfg = Release|Any CPU
		{A825E316-6512-4CAE-B8AC-0192778D4060}.Release|Any CPU.Build.0 = Release|Any CPU
	EndGlobalSection
	GlobalSection(SolutionProperties) = preSolution
		HideSolutionNode = FALSE
	EndGlobalSection
	GlobalSection(ExtensibilityGlobals) = postSolution
		SolutionGuid = {C16EBA0A-8D61-4494-B288-38457DB99F15}
	EndGlobalSection
EndGlobal
